
Microsoft Visual Studio Solution File, Format Version 12.00
# Visual Studio Version 17
VisualStudioVersion = 17.7.34031.279
MinimumVisualStudioVersion = 10.0.40219.1
Project("{F184B08F-C81C-45F6-A57F-5ABD9991F28F}") = "2.Message on Screen", "2.Message on Screen.vbproj", "{9A83C5DD-9420-4E83-9E50-E57D9CE355D5}"
EndProject
Global
	GlobalSection(SolutionConfigurationPlatforms) = preSolution
		Debug|Any CPU = Debug|Any CPU
		Release|Any CPU = Release|Any CPU
	EndGlobalSection
	GlobalSection(ProjectConfigurationPlatforms) = postSolution
		{9A83C5DD-9420-4E83-9E50-E57D9CE355D5}.Debug|Any CPU.ActiveCfg = Debug|Any CPU
		{9A83C5DD-9420-4E83-9E50-E57D9CE355D5}.Debug|Any CPU.Build.0 = Debug|Any CPU
		{9A83C5DD-9420-4E83-9E50-E57D9CE355D5}.Release|Any CPU.ActiveCfg = Release|Any CPU
		{9A83C5DD-9420-4E83-9E50-E57D9CE355D5}.Release|Any CPU.Build.0 = Release|Any CPU
	EndGlobalSection
	GlobalSection(SolutionProperties) = preSolution
		HideSolutionNode = FALSE
	EndGlobalSection
	GlobalSection(ExtensibilityGlobals) = postSolution
		SolutionGuid = {C8BFDB4E-22B6-4389-9A71-14DB540113BF}
	EndGlobalSection
EndGlobal
